
Microsoft Visual Studio Solution File, Format Version 12.00
# Visual Studio Version 17
VisualStudioVersion = 17.13.35825.156
MinimumVisualStudioVersion = 10.0.40219.1
Project("{FAE04EC0-301F-11D3-BF4B-00C04F79EFBC}") = "Bai1", "Bai1\Bai1.csproj", "{C6FEAB8A-6B42-4E4E-B2BF-87A4DDC5E937}"
EndProject
Project("{FAE04EC0-301F-11D3-BF4B-00C04F79EFBC}") = "Bai2", "Bai2\Bai2.csproj", "{FF91C440-9A87-4075-838C-C185B0FB0878}"
EndProject
Global
	GlobalSection(SolutionConfigurationPlatforms) = preSolution
		Debug|Any CPU = Debug|Any CPU
		Release|Any CPU = Release|Any CPU
	EndGlobalSection
	GlobalSection(ProjectConfigurationPlatforms) = postSolution
		{C6FEAB8A-6B42-4E4E-B2BF-87A4DDC5E937}.Debug|Any CPU.ActiveCfg = Debug|Any CPU
		{C6FEAB8A-6B42-4E4E-B2BF-87A4DDC5E937}.Debug|Any CPU.Build.0 = Debug|Any CPU
		{C6FEAB8A-6B42-4E4E-B2BF-87A4DDC5E937}.Release|Any CPU.ActiveCfg = Release|Any CPU
		{C6FEAB8A-6B42-4E4E-B2BF-87A4DDC5E937}.Release|Any CPU.Build.0 = Release|Any CPU
		{FF91C440-9A87-4075-838C-C185B0FB0878}.Debug|Any CPU.ActiveCfg = Debug|Any CPU
		{FF91C440-9A87-4075-838C-C185B0FB0878}.Debug|Any CPU.Build.0 = Debug|Any CPU
		{FF91C440-9A87-4075-838C-C185B0FB0878}.Release|Any CPU.ActiveCfg = Release|Any CPU
		{FF91C440-9A87-4075-838C-C185B0FB0878}.Release|Any CPU.Build.0 = Release|Any CPU
	EndGlobalSection
	GlobalSection(SolutionProperties) = preSolution
		HideSolutionNode = FALSE
	EndGlobalSection
	GlobalSection(ExtensibilityGlobals) = postSolution
		SolutionGuid = {15DDF0D1-AFB0-44A6-82DA-74D485F69AC0}
	EndGlobalSection
EndGlobal
